
Microsoft Visual Studio Solution File, Format Version 12.00
# Visual Studio Version 17
VisualStudioVersion = 17.5.33530.505
MinimumVisualStudioVersion = 10.0.40219.1
Project("{9A19103F-16F7-4668-BE54-9A1E7A4F7556}") = "SingletonDesignPattern", "SingletonDesignPattern\SingletonDesignPattern.csproj", "{3E15A0DF-8EC1-4108-A5F7-C4C1F3DC4A5F}"
EndProject
Project("{9A19103F-16F7-4668-BE54-9A1E7A4F7556}") = "SingletonDesignPatternAspNetCore", "SingletonDesignPatternAspNetCore\SingletonDesignPatternAspNetCore.csproj", "{503449BF-87FC-40AB-A926-51D559B82318}"
EndProject
Project("{FAE04EC0-301F-11D3-BF4B-00C04F79EFBC}") = "SingletonDesignPatternAsync", "SingletonDesignPatternAsync\SingletonDesignPatternAsync.csproj", "{B0F7C178-A9CF-47BB-93D0-D1542C1D1D8A}"
EndProject
Global
	GlobalSection(SolutionConfigurationPlatforms) = preSolution
		Debug|Any CPU = Debug|Any CPU
		Release|Any CPU = Release|Any CPU
	EndGlobalSection
	GlobalSection(ProjectConfigurationPlatforms) = postSolution
		{3E15A0DF-8EC1-4108-A5F7-C4C1F3DC4A5F}.Debug|Any CPU.ActiveCfg = Debug|Any CPU
		{3E15A0DF-8EC1-4108-A5F7-C4C1F3DC4A5F}.Debug|Any CPU.Build.0 = Debug|Any CPU
		{3E15A0DF-8EC1-4108-A5F7-C4C1F3DC4A5F}.Release|Any CPU.ActiveCfg = Release|Any CPU
		{3E15A0DF-8EC1-4108-A5F7-C4C1F3DC4A5F}.Release|Any CPU.Build.0 = Release|Any CPU
		{503449BF-87FC-40AB-A926-51D559B82318}.Debug|Any CPU.ActiveCfg = Debug|Any CPU
		{503449BF-87FC-40AB-A926-51D559B82318}.Debug|Any CPU.Build.0 = Debug|Any CPU
		{503449BF-87FC-40AB-A926-51D559B82318}.Release|Any CPU.ActiveCfg = Release|Any CPU
		{503449BF-87FC-40AB-A926-51D559B82318}.Release|Any CPU.Build.0 = Release|Any CPU
		{B0F7C178-A9CF-47BB-93D0-D1542C1D1D8A}.Debug|Any CPU.ActiveCfg = Debug|Any CPU
		{B0F7C178-A9CF-47BB-93D0-D1542C1D1D8A}.Debug|Any CPU.Build.0 = Debug|Any CPU
		{B0F7C178-A9CF-47BB-93D0-D1542C1D1D8A}.Release|Any CPU.ActiveCfg = Release|Any CPU
		{B0F7C178-A9CF-47BB-93D0-D1542C1D1D8A}.Release|Any CPU.Build.0 = Release|Any CPU
	EndGlobalSection
	GlobalSection(SolutionProperties) = preSolution
		HideSolutionNode = FALSE
	EndGlobalSection
	GlobalSection(ExtensibilityGlobals) = postSolution
		SolutionGuid = {24CDA139-0AFF-4FF8-BF94-122B749832EB}
	EndGlobalSection
EndGlobal
