
Microsoft Visual Studio Solution File, Format Version 12.00
# Visual Studio Version 17
VisualStudioVersion = 17.5.33627.172
MinimumVisualStudioVersion = 10.0.40219.1
Project("{9A19103F-16F7-4668-BE54-9A1E7A4F7556}") = "AbstractFactoryDesignPattern", "AbstractFactoryDesignPattern\AbstractFactoryDesignPattern.csproj", "{4C536F12-95C6-45D5-9500-E5D95ADB12A1}"
EndProject
Project("{FAE04EC0-301F-11D3-BF4B-00C04F79EFBC}") = "AbstractFactoryDesignPatternExample", "AbstractFactoryDesignPatternExample\AbstractFactoryDesignPatternExample.csproj", "{519A6A94-8D6A-4A9E-A255-F60084A60EAA}"
EndProject
Global
	GlobalSection(SolutionConfigurationPlatforms) = preSolution
		Debug|Any CPU = Debug|Any CPU
		Release|Any CPU = Release|Any CPU
	EndGlobalSection
	GlobalSection(ProjectConfigurationPlatforms) = postSolution
		{4C536F12-95C6-45D5-9500-E5D95ADB12A1}.Debug|Any CPU.ActiveCfg = Debug|Any CPU
		{4C536F12-95C6-45D5-9500-E5D95ADB12A1}.Debug|Any CPU.Build.0 = Debug|Any CPU
		{4C536F12-95C6-45D5-9500-E5D95ADB12A1}.Release|Any CPU.ActiveCfg = Release|Any CPU
		{4C536F12-95C6-45D5-9500-E5D95ADB12A1}.Release|Any CPU.Build.0 = Release|Any CPU
		{519A6A94-8D6A-4A9E-A255-F60084A60EAA}.Debug|Any CPU.ActiveCfg = Debug|Any CPU
		{519A6A94-8D6A-4A9E-A255-F60084A60EAA}.Debug|Any CPU.Build.0 = Debug|Any CPU
		{519A6A94-8D6A-4A9E-A255-F60084A60EAA}.Release|Any CPU.ActiveCfg = Release|Any CPU
		{519A6A94-8D6A-4A9E-A255-F60084A60EAA}.Release|Any CPU.Build.0 = Release|Any CPU
	EndGlobalSection
	GlobalSection(SolutionProperties) = preSolution
		HideSolutionNode = FALSE
	EndGlobalSection
	GlobalSection(ExtensibilityGlobals) = postSolution
		SolutionGuid = {59697F5B-DE61-48BB-8D42-044CA1BE2449}
	EndGlobalSection
EndGlobal
